
Microsoft Visual Studio Solution File, Format Version 12.00
# Visual Studio Version 17
VisualStudioVersion = 17.6.33815.320
MinimumVisualStudioVersion = 10.0.40219.1
Project("{FAE04EC0-301F-11D3-BF4B-00C04F79EFBC}") = "SampleMVCApp", "SampleMVCApp\SampleMVCApp.csproj", "{52964901-D1C5-44D9-8B63-BD81A95B1D49}"
EndProject
Global
	GlobalSection(SolutionConfigurationPlatforms) = preSolution
		Debug|Any CPU = Debug|Any CPU
		Release|Any CPU = Release|Any CPU
	EndGlobalSection
	GlobalSection(ProjectConfigurationPlatforms) = postSolution
		{52964901-D1C5-44D9-8B63-BD81A95B1D49}.Debug|Any CPU.ActiveCfg = Debug|Any CPU
		{52964901-D1C5-44D9-8B63-BD81A95B1D49}.Debug|Any CPU.Build.0 = Debug|Any CPU
		{52964901-D1C5-44D9-8B63-BD81A95B1D49}.Release|Any CPU.ActiveCfg = Release|Any CPU
		{52964901-D1C5-44D9-8B63-BD81A95B1D49}.Release|Any CPU.Build.0 = Release|Any CPU
	EndGlobalSection
	GlobalSection(SolutionProperties) = preSolution
		HideSolutionNode = FALSE
	EndGlobalSection
	GlobalSection(ExtensibilityGlobals) = postSolution
		SolutionGuid = {9B3EAFFD-D11E-4B41-8758-5470F8805471}
	EndGlobalSection
EndGlobal
